
Microsoft Visual Studio Solution File, Format Version 11.00
# Visual Studio 2010
Project("{FAE04EC0-301F-11D3-BF4B-00C04F79EFBC}") = "EmailConfirmSample", "EmailConfirmSample\EmailConfirmSample.csproj", "{102BF1B5-8EC8-4DE5-8FDC-DC4612F592C9}"
EndProject
Project("{FAE04EC0-301F-11D3-BF4B-00C04F79EFBC}") = "EmailConfirmSample.Tests", "EmailConfirmSample.Tests\EmailConfirmSample.Tests.csproj", "{181A8A6B-BF48-4539-9D00-2F43C543155D}"
EndProject
Global
	GlobalSection(SolutionConfigurationPlatforms) = preSolution
		Debug|Any CPU = Debug|Any CPU
		Release|Any CPU = Release|Any CPU
	EndGlobalSection
	GlobalSection(ProjectConfigurationPlatforms) = postSolution
		{102BF1B5-8EC8-4DE5-8FDC-DC4612F592C9}.Debug|Any CPU.ActiveCfg = Debug|Any CPU
		{102BF1B5-8EC8-4DE5-8FDC-DC4612F592C9}.Debug|Any CPU.Build.0 = Debug|Any CPU
		{102BF1B5-8EC8-4DE5-8FDC-DC4612F592C9}.Release|Any CPU.ActiveCfg = Release|Any CPU
		{102BF1B5-8EC8-4DE5-8FDC-DC4612F592C9}.Release|Any CPU.Build.0 = Release|Any CPU
		{181A8A6B-BF48-4539-9D00-2F43C543155D}.Debug|Any CPU.ActiveCfg = Debug|Any CPU
		{181A8A6B-BF48-4539-9D00-2F43C543155D}.Debug|Any CPU.Build.0 = Debug|Any CPU
		{181A8A6B-BF48-4539-9D00-2F43C543155D}.Release|Any CPU.ActiveCfg = Release|Any CPU
		{181A8A6B-BF48-4539-9D00-2F43C543155D}.Release|Any CPU.Build.0 = Release|Any CPU
	EndGlobalSection
	GlobalSection(SolutionProperties) = preSolution
		HideSolutionNode = FALSE
	EndGlobalSection
EndGlobal
